
Microsoft Visual Studio Solution File, Format Version 12.00
# Visual Studio Version 17
VisualStudioVersion = 17.8.34408.163
MinimumVisualStudioVersion = 10.0.40219.1
Project("{8BC9CEB8-8B4A-11D0-8D11-00A0C91BC942}") = "Week9_Quiz15", "Week9_Quiz15\Week9_Quiz15.vcxproj", "{284FD753-1AA9-4629-AE93-F119300D0AB1}"
EndProject
Global
	GlobalSection(SolutionConfigurationPlatforms) = preSolution
		Debug|x64 = Debug|x64
		Debug|x86 = Debug|x86
		Release|x64 = Release|x64
		Release|x86 = Release|x86
	EndGlobalSection
	GlobalSection(ProjectConfigurationPlatforms) = postSolution
		{284FD753-1AA9-4629-AE93-F119300D0AB1}.Debug|x64.ActiveCfg = Debug|x64
		{284FD753-1AA9-4629-AE93-F119300D0AB1}.Debug|x64.Build.0 = Debug|x64
		{284FD753-1AA9-4629-AE93-F119300D0AB1}.Debug|x86.ActiveCfg = Debug|Win32
		{284FD753-1AA9-4629-AE93-F119300D0AB1}.Debug|x86.Build.0 = Debug|Win32
		{284FD753-1AA9-4629-AE93-F119300D0AB1}.Release|x64.ActiveCfg = Release|x64
		{284FD753-1AA9-4629-AE93-F119300D0AB1}.Release|x64.Build.0 = Release|x64
		{284FD753-1AA9-4629-AE93-F119300D0AB1}.Release|x86.ActiveCfg = Release|Win32
		{284FD753-1AA9-4629-AE93-F119300D0AB1}.Release|x86.Build.0 = Release|Win32
	EndGlobalSection
	GlobalSection(SolutionProperties) = preSolution
		HideSolutionNode = FALSE
	EndGlobalSection
	GlobalSection(ExtensibilityGlobals) = postSolution
		SolutionGuid = {735209C7-8984-4C49-A88D-54CCADAB2838}
	EndGlobalSection
EndGlobal
